
Microsoft Visual Studio Solution File, Format Version 12.00
# Visual Studio 15
VisualStudioVersion = 15.0.28010.2003
MinimumVisualStudioVersion = 10.0.40219.1
Project("{FAE04EC0-301F-11D3-BF4B-00C04F79EFBC}") = "RabbitMQSimpleConsumer", "RabbitMQSimpleConsumer\RabbitMQSimpleConsumer.csproj", "{235AFD10-1B73-4D50-A032-2B33AE6E6FEE}"
EndProject
Global
	GlobalSection(SolutionConfigurationPlatforms) = preSolution
		Debug|Any CPU = Debug|Any CPU
		Release|Any CPU = Release|Any CPU
	EndGlobalSection
	GlobalSection(ProjectConfigurationPlatforms) = postSolution
		{235AFD10-1B73-4D50-A032-2B33AE6E6FEE}.Debug|Any CPU.ActiveCfg = Debug|Any CPU
		{235AFD10-1B73-4D50-A032-2B33AE6E6FEE}.Debug|Any CPU.Build.0 = Debug|Any CPU
		{235AFD10-1B73-4D50-A032-2B33AE6E6FEE}.Release|Any CPU.ActiveCfg = Release|Any CPU
		{235AFD10-1B73-4D50-A032-2B33AE6E6FEE}.Release|Any CPU.Build.0 = Release|Any CPU
	EndGlobalSection
	GlobalSection(SolutionProperties) = preSolution
		HideSolutionNode = FALSE
	EndGlobalSection
	GlobalSection(ExtensibilityGlobals) = postSolution
		SolutionGuid = {EF9C39D4-B09D-44C3-9D9B-9C5A575ACF72}
	EndGlobalSection
EndGlobal
